
Microsoft Visual Studio Solution File, Format Version 12.00
# Visual Studio Version 17
VisualStudioVersion = 17.0.32014.148
MinimumVisualStudioVersion = 10.0.40219.1
Project("{9A19103F-16F7-4668-BE54-9A1E7A4F7556}") = "Test 1", "Test 1\Test 1.csproj", "{F91BCB9D-CC4F-4B6E-B09F-A34E154645C6}"
EndProject
Project("{9A19103F-16F7-4668-BE54-9A1E7A4F7556}") = "Question 7_Sum of Values", "..\Assignments\Week 4 Assignments\Question 7_Sum of Values\Question 7_Sum of Values.csproj", "{6B780C0F-EC04-46BC-848E-711E749F4AB2}"
EndProject
Project("{FAE04EC0-301F-11D3-BF4B-00C04F79EFBC}") = "Test2A", "Test2A\Test2A.csproj", "{683AEE19-12EB-441B-A056-C5FC8FB4299B}"
EndProject
Project("{FAE04EC0-301F-11D3-BF4B-00C04F79EFBC}") = "Test2B", "Test2B\Test2B.csproj", "{07AD0764-F8C1-45B6-8183-14170BC3A355}"
EndProject
Global
	GlobalSection(SolutionConfigurationPlatforms) = preSolution
		Debug|Any CPU = Debug|Any CPU
		Release|Any CPU = Release|Any CPU
	EndGlobalSection
	GlobalSection(ProjectConfigurationPlatforms) = postSolution
		{F91BCB9D-CC4F-4B6E-B09F-A34E154645C6}.Debug|Any CPU.ActiveCfg = Debug|Any CPU
		{F91BCB9D-CC4F-4B6E-B09F-A34E154645C6}.Debug|Any CPU.Build.0 = Debug|Any CPU
		{F91BCB9D-CC4F-4B6E-B09F-A34E154645C6}.Release|Any CPU.ActiveCfg = Release|Any CPU
		{F91BCB9D-CC4F-4B6E-B09F-A34E154645C6}.Release|Any CPU.Build.0 = Release|Any CPU
		{6B780C0F-EC04-46BC-848E-711E749F4AB2}.Debug|Any CPU.ActiveCfg = Debug|Any CPU
		{6B780C0F-EC04-46BC-848E-711E749F4AB2}.Debug|Any CPU.Build.0 = Debug|Any CPU
		{6B780C0F-EC04-46BC-848E-711E749F4AB2}.Release|Any CPU.ActiveCfg = Release|Any CPU
		{6B780C0F-EC04-46BC-848E-711E749F4AB2}.Release|Any CPU.Build.0 = Release|Any CPU
		{683AEE19-12EB-441B-A056-C5FC8FB4299B}.Debug|Any CPU.ActiveCfg = Debug|Any CPU
		{683AEE19-12EB-441B-A056-C5FC8FB4299B}.Debug|Any CPU.Build.0 = Debug|Any CPU
		{683AEE19-12EB-441B-A056-C5FC8FB4299B}.Release|Any CPU.ActiveCfg = Release|Any CPU
		{683AEE19-12EB-441B-A056-C5FC8FB4299B}.Release|Any CPU.Build.0 = Release|Any CPU
		{07AD0764-F8C1-45B6-8183-14170BC3A355}.Debug|Any CPU.ActiveCfg = Debug|Any CPU
		{07AD0764-F8C1-45B6-8183-14170BC3A355}.Debug|Any CPU.Build.0 = Debug|Any CPU
		{07AD0764-F8C1-45B6-8183-14170BC3A355}.Release|Any CPU.ActiveCfg = Release|Any CPU
		{07AD0764-F8C1-45B6-8183-14170BC3A355}.Release|Any CPU.Build.0 = Release|Any CPU
	EndGlobalSection
	GlobalSection(SolutionProperties) = preSolution
		HideSolutionNode = FALSE
	EndGlobalSection
	GlobalSection(ExtensibilityGlobals) = postSolution
		SolutionGuid = {97E0FCB4-C270-4D57-8A32-8C85E0DA3FE2}
	EndGlobalSection
EndGlobal
